
Microsoft Visual Studio Solution File, Format Version 12.00
# Visual Studio 15
VisualStudioVersion = 15.0.26430.12
MinimumVisualStudioVersion = 10.0.40219.1
Project("{FAE04EC0-301F-11D3-BF4B-00C04F79EFBC}") = "UnityChess", "UnityChess.csproj", "{628FE79F-0A62-634F-34FE-52A310ECA9C0}"
EndProject
Project("{FAE04EC0-301F-11D3-BF4B-00C04F79EFBC}") = "UnityChess.Tests", "UnityChess.Tests\UnityChess.Tests.csproj", "{3619E48D-74BB-4BB8-9D7E-5BEB7E5B0DE7}"
EndProject
Global
	GlobalSection(SolutionConfigurationPlatforms) = preSolution
		Debug|Any CPU = Debug|Any CPU
		Release|Any CPU = Release|Any CPU
	EndGlobalSection
	GlobalSection(ProjectConfigurationPlatforms) = postSolution
		{628FE79F-0A62-634F-34FE-52A310ECA9C0}.Debug|Any CPU.ActiveCfg = Debug|Any CPU
		{628FE79F-0A62-634F-34FE-52A310ECA9C0}.Debug|Any CPU.Build.0 = Debug|Any CPU
		{628FE79F-0A62-634F-34FE-52A310ECA9C0}.Release|Any CPU.ActiveCfg = Release|Any CPU
		{628FE79F-0A62-634F-34FE-52A310ECA9C0}.Release|Any CPU.Build.0 = Release|Any CPU
		{3619E48D-74BB-4BB8-9D7E-5BEB7E5B0DE7}.Debug|Any CPU.ActiveCfg = Debug|Any CPU
		{3619E48D-74BB-4BB8-9D7E-5BEB7E5B0DE7}.Debug|Any CPU.Build.0 = Debug|Any CPU
		{3619E48D-74BB-4BB8-9D7E-5BEB7E5B0DE7}.Release|Any CPU.ActiveCfg = Release|Any CPU
		{3619E48D-74BB-4BB8-9D7E-5BEB7E5B0DE7}.Release|Any CPU.Build.0 = Release|Any CPU
	EndGlobalSection
	GlobalSection(SolutionProperties) = preSolution
		HideSolutionNode = FALSE
	EndGlobalSection
EndGlobal
